
Microsoft Visual Studio Solution File, Format Version 12.00
# Visual Studio 15
VisualStudioVersion = 15.0.28010.2016
MinimumVisualStudioVersion = 10.0.40219.1
Project("{00D1A9C2-B5F0-4AF3-8072-F6C62B433612}") = "Company", "Database1\Company.sqlproj", "{30A30626-33D2-4200-A58E-711DADE9C506}"
EndProject
Project("{FAE04EC0-301F-11D3-BF4B-00C04F79EFBC}") = "TestApplication", "TestApplication\TestApplication.csproj", "{EE8F59EA-D81E-4C02-A32F-5E36421318A3}"
EndProject
Project("{FAE04EC0-301F-11D3-BF4B-00C04F79EFBC}") = "CompanyApi", "CompanyApi\CompanyApi.csproj", "{8CE21BBA-E324-4281-ADBD-1F3FAC130275}"
EndProject
Global
	GlobalSection(SolutionConfigurationPlatforms) = preSolution
		Debug|Any CPU = Debug|Any CPU
		Release|Any CPU = Release|Any CPU
	EndGlobalSection
	GlobalSection(ProjectConfigurationPlatforms) = postSolution
		{30A30626-33D2-4200-A58E-711DADE9C506}.Debug|Any CPU.ActiveCfg = Debug|Any CPU
		{30A30626-33D2-4200-A58E-711DADE9C506}.Debug|Any CPU.Build.0 = Debug|Any CPU
		{30A30626-33D2-4200-A58E-711DADE9C506}.Debug|Any CPU.Deploy.0 = Debug|Any CPU
		{30A30626-33D2-4200-A58E-711DADE9C506}.Release|Any CPU.ActiveCfg = Release|Any CPU
		{30A30626-33D2-4200-A58E-711DADE9C506}.Release|Any CPU.Build.0 = Release|Any CPU
		{30A30626-33D2-4200-A58E-711DADE9C506}.Release|Any CPU.Deploy.0 = Release|Any CPU
		{EE8F59EA-D81E-4C02-A32F-5E36421318A3}.Debug|Any CPU.ActiveCfg = Debug|Any CPU
		{EE8F59EA-D81E-4C02-A32F-5E36421318A3}.Debug|Any CPU.Build.0 = Debug|Any CPU
		{EE8F59EA-D81E-4C02-A32F-5E36421318A3}.Release|Any CPU.ActiveCfg = Release|Any CPU
		{EE8F59EA-D81E-4C02-A32F-5E36421318A3}.Release|Any CPU.Build.0 = Release|Any CPU
		{8CE21BBA-E324-4281-ADBD-1F3FAC130275}.Debug|Any CPU.ActiveCfg = Debug|Any CPU
		{8CE21BBA-E324-4281-ADBD-1F3FAC130275}.Debug|Any CPU.Build.0 = Debug|Any CPU
		{8CE21BBA-E324-4281-ADBD-1F3FAC130275}.Release|Any CPU.ActiveCfg = Release|Any CPU
		{8CE21BBA-E324-4281-ADBD-1F3FAC130275}.Release|Any CPU.Build.0 = Release|Any CPU
	EndGlobalSection
	GlobalSection(SolutionProperties) = preSolution
		HideSolutionNode = FALSE
	EndGlobalSection
	GlobalSection(ExtensibilityGlobals) = postSolution
		SolutionGuid = {3918F979-5D50-4032-8009-7FBD362C3A70}
	EndGlobalSection
EndGlobal
